version = 1
revision = 2
requires-python = ">=3.11"

[[package]]
name = "basedpyright"
version = "1.39.6"
source = { registry = "https://mirrors.aliyun.com/pypi/simple" }
dependencies = [
    { name = "nodejs-wheel-binaries" },
]
sdist = { url = "https://mirrors.aliyun.com/pypi/packages/7a/1a/48296b4479ccc9051eb9617a6507a69a68f5b68693fb6a118cfe08199270/basedpyright-1.39.6.tar.gz", hash = "sha256:d00ec5f8ba4e1a67dfc2fa3a9474229c89f61f207d14c02d320db78f57aa16ef" }
wheels = [
    { url = "https://mirrors.aliyun.com/pypi/packages/d4/07/6d1b3192715d42e8c9887876684a941eff28ec5d79c23a0f3758377e2182/basedpyright-1.39.6-py3-none-any.whl", hash = "sha256:5e0b9befbae6b26d0fbcc6645ac26923725e749d1224539e24f05ab07f9365ad" },
]

[[package]]
name = "markdown-it-py"
version = "4.2.0"
source = { registry = "https://mirrors.aliyun.com/pypi/simple" }
dependencies = [
    { name = "mdurl" },
]
sdist = { url = "https://mirrors.aliyun.com/pypi/packages/06/ff/7841249c247aa650a76b9ee4bbaeae59370dc8bfd2f6c01f3630c35eb134/markdown_it_py-4.2.0.tar.gz", hash = "sha256:04a21681d6fbb623de53f6f364d352309d4094dd4194040a10fd51833e418d49" }
wheels = [
    { url = "https://mirrors.aliyun.com/pypi/packages/b3/81/4da04ced5a082363ecfa159c010d200ecbd959ae410c10c0264a38cac0f5/markdown_it_py-4.2.0-py3-none-any.whl", hash = "sha256:9f7ebbcd14fe59494226453aed97c1070d83f8d24b6fc3a3bcf9a38092641c4a" },
]

[[package]]
name = "mdurl"
version = "0.1.2"
source = { registry = "https://mirrors.aliyun.com/pypi/simple" }
sdist = { url = "https://mirrors.aliyun.com/pypi/packages/d6/54/cfe61301667036ec958cb99bd3efefba235e65cdeb9c84d24a8293ba1d90/mdurl-0.1.2.tar.gz", hash = "sha256:bb413d29f5eea38f31dd4754dd7377d4465116fb207585f97bf925588687c1ba" }
wheels = [
    { url = "https://mirrors.aliyun.com/pypi/packages/b3/38/89ba8ad64ae25be8de66a6d463314cf1eb366222074cfda9ee839c56a4b4/mdurl-0.1.2-py3-none-any.whl", hash = "sha256:84008a41e51615a49fc9966191ff91509e3c40b939176e643fd50a5c2196b8f8" },
]

[[package]]
name = "nodejs-wheel-binaries"
version = "24.15.0"
source = { registry = "https://mirrors.aliyun.com/pypi/simple" }
sdist = { url = "https://mirrors.aliyun.com/pypi/packages/3f/70/a1e4f4d5986768ab90cc860b1cc3660fd2ded74ca175a900a5c29f839c7d/nodejs_wheel_binaries-24.15.0.tar.gz", hash = "sha256:b43f5c4f6e5768d8845b2ae4682eb703a19bf7aadc84187e2d903ed3a611c859" }
wheels = [
    { url = "https://mirrors.aliyun.com/pypi/packages/85/66/54051d14853d6ab4fb85f8be9b042b530be653357fb9a19557498bc91ab7/nodejs_wheel_binaries-24.15.0-py2.py3-none-macosx_13_0_arm64.whl", hash = "sha256:a6232fa8b754220941f52388c8ead923f7c1c7fdf0ea0d98f657523bd9a81ef4" },
    { url = "https://mirrors.aliyun.com/pypi/packages/ad/5f/66acada164da5ca10a0824db021aa7394ae18396c550cd9280e839a43126/nodejs_wheel_binaries-24.15.0-py2.py3-none-macosx_13_0_x86_64.whl", hash = "sha256:001a6b62c69d9109c1738163cca00608dd2722e8663af59300054ea02610972d" },
    { url = "https://mirrors.aliyun.com/pypi/packages/0d/2d/0cbd5ff40c9bb030ca1735d8f8793bd74f08a4cbd49100a1d19313ea57ab/nodejs_wheel_binaries-24.15.0-py2.py3-none-manylinux_2_28_aarch64.whl", hash = "sha256:0fbc48765e60ed0ff30d43898dbf5cadbadf2e5f1e7f204afc2b01493b7ebce6" },
    { url = "https://mirrors.aliyun.com/pypi/packages/da/d5/91ac63951ec75927a486b83b8cafe650e360fa70ac01dc94adfb32b93b97/nodejs_wheel_binaries-24.15.0-py2.py3-none-manylinux_2_28_x86_64.whl", hash = "sha256:20ee0536809795da8a4942fc1ab4cbdebbcaaf29383eab67ba8874268fb00008" },
    { url = "https://mirrors.aliyun.com/pypi/packages/db/72/dc22776974d928869c0c30d23ee98ed7df254243c2df68f09f5963e8e8b8/nodejs_wheel_binaries-24.15.0-py2.py3-none-musllinux_1_2_aarch64.whl", hash = "sha256:1fade6c214285e72472ca40a631e98ff36559671cd5eefc8bf009471d67f04b4" },
    { url = "https://mirrors.aliyun.com/pypi/packages/01/0a/34461b9050cb45ee371dccdefc622aef6351506ea2691b08fc761ca67150/nodejs_wheel_binaries-24.15.0-py2.py3-none-musllinux_1_2_x86_64.whl", hash = "sha256:3984cb8d87766567aee67a49743227ab40ede6f47734ec990ff90e50b74e7740" },
    { url = "https://mirrors.aliyun.com/pypi/packages/c9/17/09252bf35672dba926649d59dfe51443a0f6955ad13784e91131d5ec82a2/nodejs_wheel_binaries-24.15.0-py2.py3-none-win_amd64.whl", hash = "sha256:a437601956b532dcb3082046e6978e622733f90edc0932cbb9adb3bb97a16501" },
    { url = "https://mirrors.aliyun.com/pypi/packages/0a/7e/b649777d148e1e0c2ce349156603cdb12f7ed99921b95d93717393650193/nodejs_wheel_binaries-24.15.0-py2.py3-none-win_arm64.whl", hash = "sha256:bdf4a431e08321a32efc604111c6f23941f87055d796a537e8c4110daecad23f" },
]

[[package]]
name = "pygments"
version = "2.20.0"
source = { registry = "https://mirrors.aliyun.com/pypi/simple" }
sdist = { url = "https://mirrors.aliyun.com/pypi/packages/c3/b2/bc9c9196916376152d655522fdcebac55e66de6603a76a02bca1b6414f6c/pygments-2.20.0.tar.gz", hash = "sha256:6757cd03768053ff99f3039c1a36d6c0aa0b263438fcab17520b30a303a82b5f" }
wheels = [
    { url = "https://mirrors.aliyun.com/pypi/packages/f4/7e/a72dd26f3b0f4f2bf1dd8923c85f7ceb43172af56d63c7383eb62b332364/pygments-2.20.0-py3-none-any.whl", hash = "sha256:81a9e26dd42fd28a23a2d169d86d7ac03b46e2f8b59ed4698fb4785f946d0176" },
]

[[package]]
name = "r5r-patch-builder"
version = "0.1.0"
source = { editable = "." }
dependencies = [
    { name = "rich" },
]

[package.dev-dependencies]
dev = [
    { name = "basedpyright" },
    { name = "ruff" },
]

[package.metadata]
requires-dist = [{ name = "rich", specifier = ">=13.7.1" }]

[package.metadata.requires-dev]
dev = [
    { name = "basedpyright", specifier = ">=1.31.4" },
    { name = "ruff", specifier = ">=0.14.6" },
]

[[package]]
name = "rich"
version = "15.0.0"
source = { registry = "https://mirrors.aliyun.com/pypi/simple" }
dependencies = [
    { name = "markdown-it-py" },
    { name = "pygments" },
]
sdist = { url = "https://mirrors.aliyun.com/pypi/packages/c0/8f/0722ca900cc807c13a6a0c696dacf35430f72e0ec571c4275d2371fca3e9/rich-15.0.0.tar.gz", hash = "sha256:edd07a4824c6b40189fb7ac9bc4c52536e9780fbbfbddf6f1e2502c31b068c36" }
wheels = [
    { url = "https://mirrors.aliyun.com/pypi/packages/82/3b/64d4899d73f91ba49a8c18a8ff3f0ea8f1c1d75481760df8c68ef5235bf5/rich-15.0.0-py3-none-any.whl", hash = "sha256:33bd4ef74232fb73fe9279a257718407f169c09b78a87ad3d296f548e27de0bb" },
]

[[package]]
name = "ruff"
version = "0.15.14"
source = { registry = "https://mirrors.aliyun.com/pypi/simple" }
sdist = { url = "https://mirrors.aliyun.com/pypi/packages/dc/8a/8bce2894573e9dae6ff4d77fe34ad727d79b9e6238ad288c5638990d90f6/ruff-0.15.14.tar.gz", hash = "sha256:48e866b165be4a9bdbf310f7d3c9a07edef2fe8cd63ffeb4e00bb590506ebf9f" }
wheels = [
    { url = "https://mirrors.aliyun.com/pypi/packages/b9/c8/74a92c6ff9fcfb4f1f947126d3ebee8389276e161ecc85de5bda7cda51bd/ruff-0.15.14-py3-none-linux_armv6l.whl", hash = "sha256:8dd2db9416e487c8d4b01fa7056bb02c4d05969d4f8d17a08c229c2f4ff3c108" },
    { url = "https://mirrors.aliyun.com/pypi/packages/45/91/254a35c20acc38a7223c9d2d594af12e794432464f2cdeb52af1dc4a892d/ruff-0.15.14-py3-none-macosx_10_12_x86_64.whl", hash = "sha256:be4ff55af755bd71a00ab3dc6bd7ffc467bd76e0df6881e286c2e3d23e8fb43b" },
    { url = "https://mirrors.aliyun.com/pypi/packages/56/9e/d13e40f83b8d0a94430e6778ce1d94a43b38cf2efe63278bdd2b4c65abbf/ruff-0.15.14-py3-none-macosx_11_0_arm64.whl", hash = "sha256:48d5909d7d06276ce7dde6d32bfa4b0d4cb2651145cd8ee4b440722cbc77832f" },
    { url = "https://mirrors.aliyun.com/pypi/packages/8d/f1/b15a7839fa4f332f8acec78e20564f26bb2d866e3d21710b877fd0263000/ruff-0.15.14-py3-none-manylinux_2_17_aarch64.manylinux2014_aarch64.whl", hash = "sha256:ca8cbfa94c4f90984a67561978602746d4cd27103568f745fa90eee3f0d4107d" },
    { url = "https://mirrors.aliyun.com/pypi/packages/45/33/53d651177f84f94b400a0e27f8824eeada3dddc9d5ee8aeb048f4352a520/ruff-0.15.14-py3-none-manylinux_2_17_armv7l.manylinux2014_armv7l.whl", hash = "sha256:9a6bbc0333f1ab053423bcbf6226477d266ca7cec7738c4c8e3f55647803f3c4" },
    { url = "https://mirrors.aliyun.com/pypi/packages/b8/a6/868f87e0bf9786ed24b5d0d0ad8676b8a94fd1912f42cddf9cfc7857818a/ruff-0.15.14-py3-none-manylinux_2_17_i686.manylinux2014_i686.whl", hash = "sha256:8a24a4f7605d7003a6674d4387651effd939dead3fddd0f36561eb77a9a2e542" },
    { url = "https://mirrors.aliyun.com/pypi/packages/a7/8b/38cd5c19faffdcc05a408d2b78edccc69492ab9720eadb49ea15ef80d768/ruff-0.15.14-py3-none-manylinux_2_17_ppc64le.manylinux2014_ppc64le.whl", hash = "sha256:049b5326e53ed80978f2fc041a280603f69dd6b0c95464342a2bb4572d9d9e2f" },
    { url = "https://mirrors.aliyun.com/pypi/packages/3e/4d/a3c5b874a556d5731e3e657aaf04311bb76f0a5c3ec220ed43051be6b64b/ruff-0.15.14-py3-none-manylinux_2_17_s390x.manylinux2014_s390x.whl", hash = "sha256:d4ed42e6696c8dfa5f06728e6441993901f548eb92d73bc472cb5a38d1395fbf" },
    { url = "https://mirrors.aliyun.com/pypi/packages/1e/c0/56472c251d09858a53e51efbd485b09e1995d8731668b76d52e5dd6ee0f1/ruff-0.15.14-py3-none-manylinux_2_17_x86_64.manylinux2014_x86_64.whl", hash = "sha256:715c543cf450c4888251f91c52f1942a800541d9bddd7ac060aa4e6b77ae7cba" },
    { url = "https://mirrors.aliyun.com/pypi/packages/2c/4a/e2e7b4d8dbf233d4eace59c75bc3435fa6d8bd3bae82d351d4e4300c0fd1/ruff-0.15.14-py3-none-manylinux_2_31_riscv64.whl", hash = "sha256:72ebab6013ec887d439d8b7593737a0a4ffb06d45d209d4e4bf2e92813082d3f" },
    { url = "https://mirrors.aliyun.com/pypi/packages/97/c7/83c0539fe34c3e09136204d1e75d6052492364e0b3cb05e9465423f567d7/ruff-0.15.14-py3-none-musllinux_1_2_aarch64.whl", hash = "sha256:49072d36abdbe97a8dd7f480afe9c675699c0c495d4c84076e2c1203c4550581" },
    { url = "https://mirrors.aliyun.com/pypi/packages/86/a6/18f2bfc095a2ab4a78745644e428205532ce6653a5d0fa8501572891534d/ruff-0.15.14-py3-none-musllinux_1_2_armv7l.whl", hash = "sha256:958522aee105068640c2c2ceae08f413ae44d922f52a1374ac13d6a96032fc93" },
    { url = "https://mirrors.aliyun.com/pypi/packages/54/3a/5a8b3b69c654d4e4bf1d246ac5b49cbcdac6eaab6905925f8915f31e3b80/ruff-0.15.14-py3-none-musllinux_1_2_i686.whl", hash = "sha256:f3707da619a143a2e8830e2abab8224478d69ace2d28cb6c20543ae97c36bf61" },
    { url = "https://mirrors.aliyun.com/pypi/packages/ed/c5/8864e4e7925b836ea354b31d57641ec03830564e281a8b6f061f8c3e0ec1/ruff-0.15.14-py3-none-musllinux_1_2_x86_64.whl", hash = "sha256:bb01d645694e3ec0102105d07ef2d53703970407d59c04e59d3ba0b7a1d53553" },
    { url = "https://mirrors.aliyun.com/pypi/packages/36/38/012bf76752e1f89ed50b77b99532d90f3a3e287bc7918e1fc0948ac866ac/ruff-0.15.14-py3-none-win32.whl", hash = "sha256:6d0c1ad2a0ab718d39b6d8fd2217981ce4d625cd96a720095f798fb47d8b13e6" },
    { url = "https://mirrors.aliyun.com/pypi/packages/d1/b7/4ea2c170f10ad760fff2a5250beb18897719dc8b52b53a24cddbb9dd3f19/ruff-0.15.14-py3-none-win_amd64.whl", hash = "sha256:802342981e056db3851a7836e5b070f8f15f67d4a685ae2a6160939d364b2902" },
    { url = "https://mirrors.aliyun.com/pypi/packages/62/d5/bc97ff895ec35cf3925d4bd60f3b39d822f377a446906ec9bcc87405e59b/ruff-0.15.14-py3-none-win_arm64.whl", hash = "sha256:ff47b90a9ef6a40c9e2f3b479c1fb78531adf055b94c1eba0a7ba04b31951826" },
]
